
Microsoft Visual Studio Solution File, Format Version 12.00
# Visual Studio Version 17
VisualStudioVersion = 17.0.31903.59
MinimumVisualStudioVersion = 10.0.40219.1
Project("{FAE04EC0-301F-11D3-BF4B-00C04F79EFBC}") = "Senai.Api", "Senai.Api\Senai.Api.csproj", "{EC484B8E-E0A1-4BC9-A9E5-6FAE82B68B6F}"
EndProject
Project("{FAE04EC0-301F-11D3-BF4B-00C04F79EFBC}") = "Senai.Core", "Senai.Core\Senai.Core.csproj", "{B11A306E-8AB3-4969-8C55-C07A3742F906}"
EndProject
Global
	GlobalSection(SolutionConfigurationPlatforms) = preSolution
		Debug|Any CPU = Debug|Any CPU
		Release|Any CPU = Release|Any CPU
	EndGlobalSection
	GlobalSection(SolutionProperties) = preSolution
		HideSolutionNode = FALSE
	EndGlobalSection
	GlobalSection(ProjectConfigurationPlatforms) = postSolution
		{EC484B8E-E0A1-4BC9-A9E5-6FAE82B68B6F}.Debug|Any CPU.ActiveCfg = Debug|Any CPU
		{EC484B8E-E0A1-4BC9-A9E5-6FAE82B68B6F}.Debug|Any CPU.Build.0 = Debug|Any CPU
		{EC484B8E-E0A1-4BC9-A9E5-6FAE82B68B6F}.Release|Any CPU.ActiveCfg = Release|Any CPU
		{EC484B8E-E0A1-4BC9-A9E5-6FAE82B68B6F}.Release|Any CPU.Build.0 = Release|Any CPU
		{B11A306E-8AB3-4969-8C55-C07A3742F906}.Debug|Any CPU.ActiveCfg = Debug|Any CPU
		{B11A306E-8AB3-4969-8C55-C07A3742F906}.Debug|Any CPU.Build.0 = Debug|Any CPU
		{B11A306E-8AB3-4969-8C55-C07A3742F906}.Release|Any CPU.ActiveCfg = Release|Any CPU
		{B11A306E-8AB3-4969-8C55-C07A3742F906}.Release|Any CPU.Build.0 = Release|Any CPU
	EndGlobalSection
EndGlobal
